
Microsoft Visual Studio Solution File, Format Version 12.00
# Visual Studio 14
VisualStudioVersion = 14.0.24720.0
MinimumVisualStudioVersion = 10.0.40219.1
Project("{FAE04EC0-301F-11D3-BF4B-00C04F79EFBC}") = "AppGene", "AppGene\AppGene.csproj", "{CF439031-6B2F-41B6-8E11-5D1180BBD9BA}"
EndProject
Project("{FAE04EC0-301F-11D3-BF4B-00C04F79EFBC}") = "AppGene.Ui", "AppGene.UI\AppGene.Ui.csproj", "{16C98D57-ABEB-46DC-A152-2B591754A7E2}"
EndProject
Project("{FAE04EC0-301F-11D3-BF4B-00C04F79EFBC}") = "AppGene.Db", "AppGene.DB\AppGene.Db.csproj", "{DE76C8E2-6B00-40C4-AC30-5F8328D356D5}"
EndProject
Project("{2150E333-8FDC-42A3-9474-1A3956D46DE8}") = "Sample", "Sample", "{0445581F-618D-4147-A8CA-83220B6E0174}"
EndProject
Project("{2150E333-8FDC-42A3-9474-1A3956D46DE8}") = "Ui", "Ui", "{A79F58DD-01B9-4306-814F-39E585F1E529}"
EndProject
Project("{FAE04EC0-301F-11D3-BF4B-00C04F79EFBC}") = "AppGene.Ui.Infrastructure", "AppGene.Ui.Infrastructure\AppGene.Ui.Infrastructure.csproj", "{A50296EF-F245-4462-A9F0-623EB3223DAE}"
EndProject
Project("{2150E333-8FDC-42A3-9474-1A3956D46DE8}") = "Model", "Model", "{6E65EF92-09C3-439F-89FC-F6A9435456CD}"
EndProject
Project("{FAE04EC0-301F-11D3-BF4B-00C04F79EFBC}") = "AppGene.Model.Patterns.Core", "AppGene.Model.Patterns.Core\AppGene.Model.Patterns.Core.csproj", "{5665EAD1-0CD0-49A8-B75C-E486AA58F08E}"
EndProject
Project("{FAE04EC0-301F-11D3-BF4B-00C04F79EFBC}") = "AppGene.Ui.Patterns.MasterDetail.Core", "AppGene.Ui.Patterns.MasterDetail.Core\AppGene.Ui.Patterns.MasterDetail.Core.csproj", "{A8827D9B-E397-4732-B02F-5FB49A14F6BE}"
EndProject
Project("{2150E333-8FDC-42A3-9474-1A3956D46DE8}") = "Ui.Patterns", "Ui.Patterns", "{EE9BFBEB-662B-496A-AF55-773926D6D599}"
EndProject
Project("{FAE04EC0-301F-11D3-BF4B-00C04F79EFBC}") = "AppGene.Ui.Patterns.MasterDetail", "AppGene.Ui.Patterns.MasterDetail\AppGene.Ui.Patterns.MasterDetail.csproj", "{0B5927BB-8003-458C-A373-FDED1F1032F3}"
EndProject
Project("{FAE04EC0-301F-11D3-BF4B-00C04F79EFBC}") = "AppGene.Business.Sample", "AppGene.Business.Sample\AppGene.Business.Sample.csproj", "{7FCB9A2E-F3D5-4766-8D94-8AFDF9EA9C56}"
EndProject
Project("{FAE04EC0-301F-11D3-BF4B-00C04F79EFBC}") = "AppGene.Model.Entities.Sample", "AppGene.Model.Entities.Sample\AppGene.Model.Entities.Sample.csproj", "{7AB88800-CF46-4B27-BBAC-8E7B95CE5925}"
EndProject
Project("{FAE04EC0-301F-11D3-BF4B-00C04F79EFBC}") = "AppGene.Data.Sample", "AppGene.Data.Sample\AppGene.Data.Sample.csproj", "{11A1B6ED-7A7F-499D-82AD-EAB03662C289}"
EndProject
Project("{2150E333-8FDC-42A3-9474-1A3956D46DE8}") = "Data", "Data", "{1A7ED0F1-3098-4FDA-A4C0-9658BA3DE8DC}"
EndProject
Project("{FAE04EC0-301F-11D3-BF4B-00C04F79EFBC}") = "AppGene.Data.Infrastructure", "AppGene.Data.Infrastructure\AppGene.Data.Infrastructure.csproj", "{8EBA308D-F06A-41F9-9B27-146813D4B21D}"
EndProject
Project("{2150E333-8FDC-42A3-9474-1A3956D46DE8}") = "Business", "Business", "{4352A005-BE3E-462B-A48D-A902652D9850}"
EndProject
Project("{FAE04EC0-301F-11D3-BF4B-00C04F79EFBC}") = "AppGene.Business.Infrastructure", "AppGene.Business.Infrastructure\AppGene.Business.Infrastructure.csproj", "{85FB4980-393B-4659-A962-46E75FA7FEB6}"
EndProject
Global
	GlobalSection(SolutionConfigurationPlatforms) = preSolution
		Debug|Any CPU = Debug|Any CPU
		Release|Any CPU = Release|Any CPU
	EndGlobalSection
	GlobalSection(ProjectConfigurationPlatforms) = postSolution
		{CF439031-6B2F-41B6-8E11-5D1180BBD9BA}.Debug|Any CPU.ActiveCfg = Debug|Any CPU
		{CF439031-6B2F-41B6-8E11-5D1180BBD9BA}.Debug|Any CPU.Build.0 = Debug|Any CPU
		{CF439031-6B2F-41B6-8E11-5D1180BBD9BA}.Release|Any CPU.ActiveCfg = Release|Any CPU
		{CF439031-6B2F-41B6-8E11-5D1180BBD9BA}.Release|Any CPU.Build.0 = Release|Any CPU
		{16C98D57-ABEB-46DC-A152-2B591754A7E2}.Debug|Any CPU.ActiveCfg = Debug|Any CPU
		{16C98D57-ABEB-46DC-A152-2B591754A7E2}.Debug|Any CPU.Build.0 = Debug|Any CPU
		{16C98D57-ABEB-46DC-A152-2B591754A7E2}.Release|Any CPU.ActiveCfg = Release|Any CPU
		{16C98D57-ABEB-46DC-A152-2B591754A7E2}.Release|Any CPU.Build.0 = Release|Any CPU
		{DE76C8E2-6B00-40C4-AC30-5F8328D356D5}.Debug|Any CPU.ActiveCfg = Debug|Any CPU
		{DE76C8E2-6B00-40C4-AC30-5F8328D356D5}.Debug|Any CPU.Build.0 = Debug|Any CPU
		{DE76C8E2-6B00-40C4-AC30-5F8328D356D5}.Release|Any CPU.ActiveCfg = Release|Any CPU
		{DE76C8E2-6B00-40C4-AC30-5F8328D356D5}.Release|Any CPU.Build.0 = Release|Any CPU
		{A50296EF-F245-4462-A9F0-623EB3223DAE}.Debug|Any CPU.ActiveCfg = Debug|Any CPU
		{A50296EF-F245-4462-A9F0-623EB3223DAE}.Debug|Any CPU.Build.0 = Debug|Any CPU
		{A50296EF-F245-4462-A9F0-623EB3223DAE}.Release|Any CPU.ActiveCfg = Release|Any CPU
		{A50296EF-F245-4462-A9F0-623EB3223DAE}.Release|Any CPU.Build.0 = Release|Any CPU
		{5665EAD1-0CD0-49A8-B75C-E486AA58F08E}.Debug|Any CPU.ActiveCfg = Debug|Any CPU
		{5665EAD1-0CD0-49A8-B75C-E486AA58F08E}.Debug|Any CPU.Build.0 = Debug|Any CPU
		{5665EAD1-0CD0-49A8-B75C-E486AA58F08E}.Release|Any CPU.ActiveCfg = Release|Any CPU
		{5665EAD1-0CD0-49A8-B75C-E486AA58F08E}.Release|Any CPU.Build.0 = Release|Any CPU
		{A8827D9B-E397-4732-B02F-5FB49A14F6BE}.Debug|Any CPU.ActiveCfg = Debug|Any CPU
		{A8827D9B-E397-4732-B02F-5FB49A14F6BE}.Debug|Any CPU.Build.0 = Debug|Any CPU
		{A8827D9B-E397-4732-B02F-5FB49A14F6BE}.Release|Any CPU.ActiveCfg = Release|Any CPU
		{A8827D9B-E397-4732-B02F-5FB49A14F6BE}.Release|Any CPU.Build.0 = Release|Any CPU
		{0B5927BB-8003-458C-A373-FDED1F1032F3}.Debug|Any CPU.ActiveCfg = Debug|Any CPU
		{0B5927BB-8003-458C-A373-FDED1F1032F3}.Debug|Any CPU.Build.0 = Debug|Any CPU
		{0B5927BB-8003-458C-A373-FDED1F1032F3}.Release|Any CPU.ActiveCfg = Release|Any CPU
		{0B5927BB-8003-458C-A373-FDED1F1032F3}.Release|Any CPU.Build.0 = Release|Any CPU
		{7FCB9A2E-F3D5-4766-8D94-8AFDF9EA9C56}.Debug|Any CPU.ActiveCfg = Debug|Any CPU
		{7FCB9A2E-F3D5-4766-8D94-8AFDF9EA9C56}.Debug|Any CPU.Build.0 = Debug|Any CPU
		{7FCB9A2E-F3D5-4766-8D94-8AFDF9EA9C56}.Release|Any CPU.ActiveCfg = Release|Any CPU
		{7FCB9A2E-F3D5-4766-8D94-8AFDF9EA9C56}.Release|Any CPU.Build.0 = Release|Any CPU
		{7AB88800-CF46-4B27-BBAC-8E7B95CE5925}.Debug|Any CPU.ActiveCfg = Debug|Any CPU
		{7AB88800-CF46-4B27-BBAC-8E7B95CE5925}.Debug|Any CPU.Build.0 = Debug|Any CPU
		{7AB88800-CF46-4B27-BBAC-8E7B95CE5925}.Release|Any CPU.ActiveCfg = Release|Any CPU
		{7AB88800-CF46-4B27-BBAC-8E7B95CE5925}.Release|Any CPU.Build.0 = Release|Any CPU
		{11A1B6ED-7A7F-499D-82AD-EAB03662C289}.Debug|Any CPU.ActiveCfg = Debug|Any CPU
		{11A1B6ED-7A7F-499D-82AD-EAB03662C289}.Debug|Any CPU.Build.0 = Debug|Any CPU
		{11A1B6ED-7A7F-499D-82AD-EAB03662C289}.Release|Any CPU.ActiveCfg = Release|Any CPU
		{11A1B6ED-7A7F-499D-82AD-EAB03662C289}.Release|Any CPU.Build.0 = Release|Any CPU
		{8EBA308D-F06A-41F9-9B27-146813D4B21D}.Debug|Any CPU.ActiveCfg = Debug|Any CPU
		{8EBA308D-F06A-41F9-9B27-146813D4B21D}.Debug|Any CPU.Build.0 = Debug|Any CPU
		{8EBA308D-F06A-41F9-9B27-146813D4B21D}.Release|Any CPU.ActiveCfg = Release|Any CPU
		{8EBA308D-F06A-41F9-9B27-146813D4B21D}.Release|Any CPU.Build.0 = Release|Any CPU
		{85FB4980-393B-4659-A962-46E75FA7FEB6}.Debug|Any CPU.ActiveCfg = Debug|Any CPU
		{85FB4980-393B-4659-A962-46E75FA7FEB6}.Debug|Any CPU.Build.0 = Debug|Any CPU
		{85FB4980-393B-4659-A962-46E75FA7FEB6}.Release|Any CPU.ActiveCfg = Release|Any CPU
		{85FB4980-393B-4659-A962-46E75FA7FEB6}.Release|Any CPU.Build.0 = Release|Any CPU
	EndGlobalSection
	GlobalSection(SolutionProperties) = preSolution
		HideSolutionNode = FALSE
	EndGlobalSection
	GlobalSection(NestedProjects) = preSolution
		{A50296EF-F245-4462-A9F0-623EB3223DAE} = {A79F58DD-01B9-4306-814F-39E585F1E529}
		{5665EAD1-0CD0-49A8-B75C-E486AA58F08E} = {6E65EF92-09C3-439F-89FC-F6A9435456CD}
		{A8827D9B-E397-4732-B02F-5FB49A14F6BE} = {EE9BFBEB-662B-496A-AF55-773926D6D599}
		{0B5927BB-8003-458C-A373-FDED1F1032F3} = {EE9BFBEB-662B-496A-AF55-773926D6D599}
		{7FCB9A2E-F3D5-4766-8D94-8AFDF9EA9C56} = {0445581F-618D-4147-A8CA-83220B6E0174}
		{7AB88800-CF46-4B27-BBAC-8E7B95CE5925} = {0445581F-618D-4147-A8CA-83220B6E0174}
		{11A1B6ED-7A7F-499D-82AD-EAB03662C289} = {0445581F-618D-4147-A8CA-83220B6E0174}
		{8EBA308D-F06A-41F9-9B27-146813D4B21D} = {1A7ED0F1-3098-4FDA-A4C0-9658BA3DE8DC}
		{85FB4980-393B-4659-A962-46E75FA7FEB6} = {4352A005-BE3E-462B-A48D-A902652D9850}
	EndGlobalSection
EndGlobal
